
Microsoft Visual Studio Solution File, Format Version 12.00
# Visual Studio Version 17
VisualStudioVersion = 17.4.33205.214
MinimumVisualStudioVersion = 10.0.40219.1
Project("{FAE04EC0-301F-11D3-BF4B-00C04F79EFBC}") = "Day11", "Day11.csproj", "{998859EB-7580-4EF3-92B4-5D56C5475415}"
EndProject
Global
	GlobalSection(SolutionConfigurationPlatforms) = preSolution
		Debug|Any CPU = Debug|Any CPU
		Release|Any CPU = Release|Any CPU
	EndGlobalSection
	GlobalSection(ProjectConfigurationPlatforms) = postSolution
		{998859EB-7580-4EF3-92B4-5D56C5475415}.Debug|Any CPU.ActiveCfg = Debug|Any CPU
		{998859EB-7580-4EF3-92B4-5D56C5475415}.Debug|Any CPU.Build.0 = Debug|Any CPU
		{998859EB-7580-4EF3-92B4-5D56C5475415}.Release|Any CPU.ActiveCfg = Release|Any CPU
		{998859EB-7580-4EF3-92B4-5D56C5475415}.Release|Any CPU.Build.0 = Release|Any CPU
	EndGlobalSection
	GlobalSection(SolutionProperties) = preSolution
		HideSolutionNode = FALSE
	EndGlobalSection
	GlobalSection(ExtensibilityGlobals) = postSolution
		SolutionGuid = {78E0A853-23F8-4995-A075-C8CD9B6E402F}
	EndGlobalSection
EndGlobal
