
Microsoft Visual Studio Solution File, Format Version 12.00
# Visual Studio Version 17
VisualStudioVersion = 17.4.33205.214
MinimumVisualStudioVersion = 10.0.40219.1
Project("{FAE04EC0-301F-11D3-BF4B-00C04F79EFBC}") = "Day2", "Day2.csproj", "{227CA57C-27E4-460D-987D-EC30F8D31C16}"
EndProject
Global
	GlobalSection(SolutionConfigurationPlatforms) = preSolution
		Debug|Any CPU = Debug|Any CPU
		Release|Any CPU = Release|Any CPU
	EndGlobalSection
	GlobalSection(ProjectConfigurationPlatforms) = postSolution
		{227CA57C-27E4-460D-987D-EC30F8D31C16}.Debug|Any CPU.ActiveCfg = Debug|Any CPU
		{227CA57C-27E4-460D-987D-EC30F8D31C16}.Debug|Any CPU.Build.0 = Debug|Any CPU
		{227CA57C-27E4-460D-987D-EC30F8D31C16}.Release|Any CPU.ActiveCfg = Release|Any CPU
		{227CA57C-27E4-460D-987D-EC30F8D31C16}.Release|Any CPU.Build.0 = Release|Any CPU
	EndGlobalSection
	GlobalSection(SolutionProperties) = preSolution
		HideSolutionNode = FALSE
	EndGlobalSection
	GlobalSection(ExtensibilityGlobals) = postSolution
		SolutionGuid = {DC429FFF-F4BF-40BD-B4BE-AFDD62BC0C84}
	EndGlobalSection
EndGlobal
